
Microsoft Visual Studio Solution File, Format Version 12.00
# Visual Studio 15
VisualStudioVersion = 15.0.27004.2002
MinimumVisualStudioVersion = 10.0.40219.1
Project("{9A19103F-16F7-4668-BE54-9A1E7A4F7556}") = "ReleaseBadge", "ReleaseBadge\ReleaseBadge.csproj", "{5CD56E08-CE14-420C-B46B-814BD9A7EF9E}"
EndProject
Project("{2150E333-8FDC-42A3-9474-1A3956D46DE8}") = "Provision", "Provision", "{B5C749BA-ADD5-41D1-A165-70512AEE7BAF}"
	ProjectSection(SolutionItems) = preProject
		Provision\Deploy-AzureResourceGroup.ps1 = Provision\Deploy-AzureResourceGroup.ps1
	EndProjectSection
EndProject
Project("{2150E333-8FDC-42A3-9474-1A3956D46DE8}") = "Consumption", "Consumption", "{32110B68-79CC-462F-AE91-29E7F4483B24}"
	ProjectSection(SolutionItems) = preProject
		Provision\Dynamic\azuredeploy.json = Provision\Dynamic\azuredeploy.json
	EndProjectSection
EndProject
Project("{2150E333-8FDC-42A3-9474-1A3956D46DE8}") = "Dedicated", "Dedicated", "{E3024FE3-DAF9-4605-A34C-34165892987B}"
	ProjectSection(SolutionItems) = preProject
		Provision\Dedicated\azuredeploy.json = Provision\Dedicated\azuredeploy.json
	EndProjectSection
EndProject
Project("{2150E333-8FDC-42A3-9474-1A3956D46DE8}") = "Solution Items", "Solution Items", "{6F9E9860-EF75-4EF7-AC7A-7589861015A8}"
	ProjectSection(SolutionItems) = preProject
		Readme.md = Readme.md
	EndProjectSection
EndProject
Project("{2150E333-8FDC-42A3-9474-1A3956D46DE8}") = "Docs", "Docs", "{C4953F99-9891-425E-A7DB-05FA9FEBC2F0}"
	ProjectSection(SolutionItems) = preProject
		Docs\admin-web-hook.png = Docs\admin-web-hook.png
		Docs\badge.png = Docs\badge.png
		Docs\container-shared-policy.png = Docs\container-shared-policy.png
		Docs\function-app-settings.png = Docs\function-app-settings.png
		Docs\get-function-url.png = Docs\get-function-url.png
		Docs\publish-menu-context.png = Docs\publish-menu-context.png
		Docs\publish-setting.png = Docs\publish-setting.png
		Docs\webhook-cfg-headers.png = Docs\webhook-cfg-headers.png
		Docs\webhook-cfg.png = Docs\webhook-cfg.png
	EndProjectSection
EndProject
Global
	GlobalSection(SolutionConfigurationPlatforms) = preSolution
		Debug|Any CPU = Debug|Any CPU
		Release|Any CPU = Release|Any CPU
	EndGlobalSection
	GlobalSection(ProjectConfigurationPlatforms) = postSolution
		{5CD56E08-CE14-420C-B46B-814BD9A7EF9E}.Debug|Any CPU.ActiveCfg = Debug|Any CPU
		{5CD56E08-CE14-420C-B46B-814BD9A7EF9E}.Debug|Any CPU.Build.0 = Debug|Any CPU
		{5CD56E08-CE14-420C-B46B-814BD9A7EF9E}.Release|Any CPU.ActiveCfg = Release|Any CPU
		{5CD56E08-CE14-420C-B46B-814BD9A7EF9E}.Release|Any CPU.Build.0 = Release|Any CPU
	EndGlobalSection
	GlobalSection(SolutionProperties) = preSolution
		HideSolutionNode = FALSE
	EndGlobalSection
	GlobalSection(NestedProjects) = preSolution
		{32110B68-79CC-462F-AE91-29E7F4483B24} = {B5C749BA-ADD5-41D1-A165-70512AEE7BAF}
		{E3024FE3-DAF9-4605-A34C-34165892987B} = {B5C749BA-ADD5-41D1-A165-70512AEE7BAF}
	EndGlobalSection
	GlobalSection(ExtensibilityGlobals) = postSolution
		SolutionGuid = {580D1A6B-A5DA-44BF-B05B-D3B55B225E4B}
	EndGlobalSection
EndGlobal
